
Microsoft Visual Studio Solution File, Format Version 12.00
# Visual Studio Version 16
VisualStudioVersion = 16.0.31410.357
MinimumVisualStudioVersion = 10.0.40219.1
Project("{FAE04EC0-301F-11D3-BF4B-00C04F79EFBC}") = "BrokenController", "BrokenController\BrokenController.csproj", "{D54D945F-B73F-40BE-9439-1CF5C29E4372}"
EndProject
Global
	GlobalSection(SolutionConfigurationPlatforms) = preSolution
		Debug|Any CPU = Debug|Any CPU
		Release|Any CPU = Release|Any CPU
	EndGlobalSection
	GlobalSection(ProjectConfigurationPlatforms) = postSolution
		{D54D945F-B73F-40BE-9439-1CF5C29E4372}.Debug|Any CPU.ActiveCfg = Debug|Any CPU
		{D54D945F-B73F-40BE-9439-1CF5C29E4372}.Debug|Any CPU.Build.0 = Debug|Any CPU
		{D54D945F-B73F-40BE-9439-1CF5C29E4372}.Release|Any CPU.ActiveCfg = Release|Any CPU
		{D54D945F-B73F-40BE-9439-1CF5C29E4372}.Release|Any CPU.Build.0 = Release|Any CPU
	EndGlobalSection
	GlobalSection(SolutionProperties) = preSolution
		HideSolutionNode = FALSE
	EndGlobalSection
	GlobalSection(ExtensibilityGlobals) = postSolution
		SolutionGuid = {CAC764CA-3A2D-4712-B741-E3D388EFAA6E}
	EndGlobalSection
EndGlobal
